Microsoft Visual Studio Solution File, Format Version 11.00
# Visual Studio 2008

Project("{F98DF668-CDED-2AFC-038B-1E3613A33FDA}") = "The Final Hour", "Assembly-CSharp.csproj", "{F1B35B33-6AB0-2775-312E-E7D279EA5429}"
EndProject
Global
	GlobalSection(SolutionConfigurationPlatforms) = preSolution
		Debug|Any CPU = Debug|Any CPU
		Release|Any CPU = Release|Any CPU
	EndGlobalSection
	GlobalSection(ProjectConfigurationPlatforms) = postSolution
		{F1B35B33-6AB0-2775-312E-E7D279EA5429}.Debug|Any CPU.ActiveCfg = Debug|Any CPU
		{F1B35B33-6AB0-2775-312E-E7D279EA5429}.Debug|Any CPU.Build.0 = Debug|Any CPU
		{F1B35B33-6AB0-2775-312E-E7D279EA5429}.Release|Any CPU.ActiveCfg = Release|Any CPU
		{F1B35B33-6AB0-2775-312E-E7D279EA5429}.Release|Any CPU.Build.0 = Release|Any CPU
	EndGlobalSection
	GlobalSection(SolutionProperties) = preSolution
		HideSolutionNode = FALSE
	EndGlobalSection
	GlobalSection(MonoDevelopProperties) = preSolution
		StartupItem = Assembly-CSharp.csproj
	EndGlobalSection
EndGlobal
